
Microsoft Visual Studio Solution File, Format Version 12.00
# Visual Studio Version 17
VisualStudioVersion = 17.5.33530.505
MinimumVisualStudioVersion = 10.0.40219.1
Project("{FAE04EC0-301F-11D3-BF4B-00C04F79EFBC}") = "ServerSide", "ServerSide.csproj", "{8DD47811-829A-41BA-A0A6-46FAC89DCCD1}"
EndProject
Project("{FAE04EC0-301F-11D3-BF4B-00C04F79EFBC}") = "SharedResources", "..\SharedResources\SharedResources.csproj", "{1041F3B2-5843-4C6B-9F53-6C54A6E6E8D2}"
EndProject
Project("{FAE04EC0-301F-11D3-BF4B-00C04F79EFBC}") = "ClientSide", "..\WpfApp1\ClientSide.csproj", "{D1E4F1E4-8751-45CC-9D4B-EA45A81EF1B3}"
EndProject
Global
	GlobalSection(SolutionConfigurationPlatforms) = preSolution
		Debug|Any CPU = Debug|Any CPU
		Release|Any CPU = Release|Any CPU
	EndGlobalSection
	GlobalSection(ProjectConfigurationPlatforms) = postSolution
		{8DD47811-829A-41BA-A0A6-46FAC89DCCD1}.Debug|Any CPU.ActiveCfg = Debug|Any CPU
		{8DD47811-829A-41BA-A0A6-46FAC89DCCD1}.Debug|Any CPU.Build.0 = Debug|Any CPU
		{8DD47811-829A-41BA-A0A6-46FAC89DCCD1}.Release|Any CPU.ActiveCfg = Release|Any CPU
		{8DD47811-829A-41BA-A0A6-46FAC89DCCD1}.Release|Any CPU.Build.0 = Release|Any CPU
		{1041F3B2-5843-4C6B-9F53-6C54A6E6E8D2}.Debug|Any CPU.ActiveCfg = Debug|Any CPU
		{1041F3B2-5843-4C6B-9F53-6C54A6E6E8D2}.Debug|Any CPU.Build.0 = Debug|Any CPU
		{1041F3B2-5843-4C6B-9F53-6C54A6E6E8D2}.Release|Any CPU.ActiveCfg = Release|Any CPU
		{1041F3B2-5843-4C6B-9F53-6C54A6E6E8D2}.Release|Any CPU.Build.0 = Release|Any CPU
		{D1E4F1E4-8751-45CC-9D4B-EA45A81EF1B3}.Debug|Any CPU.ActiveCfg = Debug|Any CPU
		{D1E4F1E4-8751-45CC-9D4B-EA45A81EF1B3}.Debug|Any CPU.Build.0 = Debug|Any CPU
		{D1E4F1E4-8751-45CC-9D4B-EA45A81EF1B3}.Release|Any CPU.ActiveCfg = Release|Any CPU
		{D1E4F1E4-8751-45CC-9D4B-EA45A81EF1B3}.Release|Any CPU.Build.0 = Release|Any CPU
	EndGlobalSection
	GlobalSection(SolutionProperties) = preSolution
		HideSolutionNode = FALSE
	EndGlobalSection
	GlobalSection(ExtensibilityGlobals) = postSolution
		SolutionGuid = {3D5FB186-880E-4170-902F-66EA18D8ECFF}
	EndGlobalSection
EndGlobal
